<?xml version="1.0" encoding="UTF-8"?>
<!DOCTYPE plist PUBLIC "-//Apple//DTD PLIST 1.0//EN" "http://www.apple.com/DTDs/PropertyList-1.0.dtd">
<plist version="1.0">
<dict>
	<key>archiveVersion</key>
	<string>1</string>
	<key>classes</key>
	<dict/>
	<key>objectVersion</key>
	<string>46</string>
	<key>objects</key>
	<dict>
		<key>035BD1A719104590009C4FF4</key>
		<dict>
			<key>children</key>
			<array>
				<string>035BD1A8191045AB009C4FF4</string>
				<string>035BD1AB191045DB009C4FF4</string>
				<string>035BD1AC191045DB009C4FF4</string>
			</array>
			<key>isa</key>
			<string>PBXGroup</string>
			<key>name</key>
			<string>Resources</string>
			<key>sourceTree</key>
			<string>&lt;group&gt;</string>
		</dict>
		<key>035BD1A8191045AB009C4FF4</key>
		<dict>
			<key>children</key>
			<array>
				<string>035BD1A9191045AB009C4FF4</string>
			</array>
			<key>currentVersion</key>
			<string>035BD1A9191045AB009C4FF4</string>
			<key>isa</key>
			<string>XCVersionGroup</string>
			<key>path</key>
			<string>FashionModel.xcdatamodeld</string>
			<key>sourceTree</key>
			<string>&lt;group&gt;</string>
			<key>versionGroupType</key>
			<string>wrapper.xcdatamodel</string>
		</dict>
		<key>035BD1A9191045AB009C4FF4</key>
		<dict>
			<key>isa</key>
			<string>PBXFileReference</string>
			<key>lastKnownFileType</key>
			<string>wrapper.xcdatamodel</string>
			<key>path</key>
			<string>FashionModel.xcdatamodel</string>
			<key>sourceTree</key>
			<string>&lt;group&gt;</string>
		</dict>
		<key>035BD1AA191045AB009C4FF4</key>
		<dict>
			<key>fileRef</key>
			<string>035BD1A8191045AB009C4FF4</string>
			<key>isa</key>
			<string>PBXBuildFile</string>
		</dict>
		<key>035BD1AB191045DB009C4FF4</key>
		<dict>
			<key>fileEncoding</key>
			<string>4</string>
			<key>isa</key>
			<string>PBXFileReference</string>
			<key>lastKnownFileType</key>
			<string>sourcecode.c.h</string>
			<key>path</key>
			<string>FashionEntity.h</string>
			<key>sourceTree</key>
			<string>&lt;group&gt;</string>
		</dict>
		<key>035BD1AC191045DB009C4FF4</key>
		<dict>
			<key>fileEncoding</key>
			<string>4</string>
			<key>isa</key>
			<string>PBXFileReference</string>
			<key>lastKnownFileType</key>
			<string>sourcecode.c.objc</string>
			<key>path</key>
			<string>FashionEntity.m</string>
			<key>sourceTree</key>
			<string>&lt;group&gt;</string>
		</dict>
		<key>035BD1AD191045DB009C4FF4</key>
		<dict>
			<key>fileRef</key>
			<string>035BD1AC191045DB009C4FF4</string>
			<key>isa</key>
			<string>PBXBuildFile</string>
		</dict>
		<key>035BD1AE191045F5009C4FF4</key>
		<dict>
			<key>children</key>
			<array>
				<string>035BD1AF1910464D009C4FF4</string>
				<string>035BD1B01910464D009C4FF4</string>
				<string>035BD1B11910464D009C4FF4</string>
				<string>035BD1B21910464D009C4FF4</string>
				<string>035BD1B31910464D009C4FF4</string>
				<string>035BD1B41910464D009C4FF4</string>
			</array>
			<key>isa</key>
			<string>PBXGroup</string>
			<key>name</key>
			<string>Loaders</string>
			<key>sourceTree</key>
			<string>&lt;group&gt;</string>
		</dict>
		<key>035BD1AF1910464D009C4FF4</key>
		<dict>
			<key>fileEncoding</key>
			<string>4</string>
			<key>isa</key>
			<string>PBXFileReference</string>
			<key>lastKnownFileType</key>
			<string>sourcecode.c.h</string>
			<key>path</key>
			<string>SL_IconDownloader.h</string>
			<key>sourceTree</key>
			<string>&lt;group&gt;</string>
		</dict>
		<key>035BD1B01910464D009C4FF4</key>
		<dict>
			<key>fileEncoding</key>
			<string>4</string>
			<key>isa</key>
			<string>PBXFileReference</string>
			<key>lastKnownFileType</key>
			<string>sourcecode.c.objc</string>
			<key>path</key>
			<string>SL_IconDownloader.m</string>
			<key>sourceTree</key>
			<string>&lt;group&gt;</string>
		</dict>
		<key>035BD1B11910464D009C4FF4</key>
		<dict>
			<key>fileEncoding</key>
			<string>4</string>
			<key>isa</key>
			<string>PBXFileReference</string>
			<key>lastKnownFileType</key>
			<string>sourcecode.c.h</string>
			<key>path</key>
			<string>SL_ParseOperation.h</string>
			<key>sourceTree</key>
			<string>&lt;group&gt;</string>
		</dict>
		<key>035BD1B21910464D009C4FF4</key>
		<dict>
			<key>fileEncoding</key>
			<string>4</string>
			<key>isa</key>
			<string>PBXFileReference</string>
			<key>lastKnownFileType</key>
			<string>sourcecode.c.objc</string>
			<key>path</key>
			<string>SL_ParseOperation.m</string>
			<key>sourceTree</key>
			<string>&lt;group&gt;</string>
		</dict>
		<key>035BD1B31910464D009C4FF4</key>
		<dict>
			<key>fileEncoding</key>
			<string>4</string>
			<key>isa</key>
			<string>PBXFileReference</string>
			<key>lastKnownFileType</key>
			<string>sourcecode.c.h</string>
			<key>path</key>
			<string>SL_StoreRecord.h</string>
			<key>sourceTree</key>
			<string>&lt;group&gt;</string>
		</dict>
		<key>035BD1B41910464D009C4FF4</key>
		<dict>
			<key>fileEncoding</key>
			<string>4</string>
			<key>isa</key>
			<string>PBXFileReference</string>
			<key>lastKnownFileType</key>
			<string>sourcecode.c.objc</string>
			<key>path</key>
			<string>SL_StoreRecord.m</string>
			<key>sourceTree</key>
			<string>&lt;group&gt;</string>
		</dict>
		<key>035BD1B51910464D009C4FF4</key>
		<dict>
			<key>fileRef</key>
			<string>035BD1B01910464D009C4FF4</string>
			<key>isa</key>
			<string>PBXBuildFile</string>
		</dict>
		<key>035BD1B61910464D009C4FF4</key>
		<dict>
			<key>fileRef</key>
			<string>035BD1B21910464D009C4FF4</string>
			<key>isa</key>
			<string>PBXBuildFile</string>
		</dict>
		<key>035BD1B71910464D009C4FF4</key>
		<dict>
			<key>fileRef</key>
			<string>035BD1B41910464D009C4FF4</string>
			<key>isa</key>
			<string>PBXBuildFile</string>
		</dict>
		<key>035BD1B81910466F009C4FF4</key>
		<dict>
			<key>children</key>
			<array>
				<string>035BD1B919104679009C4FF4</string>
				<string>035BD1BA19104679009C4FF4</string>
				<string>035BD1BB19104679009C4FF4</string>
				<string>035BD1BC19104679009C4FF4</string>
				<string>035BD1BD19104679009C4FF4</string>
				<string>035BD1BE19104679009C4FF4</string>
			</array>
			<key>isa</key>
			<string>PBXGroup</string>
			<key>name</key>
			<string>Images</string>
			<key>sourceTree</key>
			<string>&lt;group&gt;</string>
		</dict>
		<key>035BD1B919104679009C4FF4</key>
		<dict>
			<key>isa</key>
			<string>PBXFileReference</string>
			<key>lastKnownFileType</key>
			<string>image.png</string>
			<key>path</key>
			<string>AppIcon.png</string>
			<key>sourceTree</key>
			<string>&lt;group&gt;</string>
		</dict>
		<key>035BD1BA19104679009C4FF4</key>
		<dict>
			<key>isa</key>
			<string>PBXFileReference</string>
			<key>lastKnownFileType</key>
			<string>image.png</string>
			<key>path</key>
			<string>Placeholder.png</string>
			<key>sourceTree</key>
			<string>&lt;group&gt;</string>
		</dict>
		<key>035BD1BB19104679009C4FF4</key>
		<dict>
			<key>isa</key>
			<string>PBXFileReference</string>
			<key>lastKnownFileType</key>
			<string>image.png</string>
			<key>path</key>
			<string>Placeholder@2x.png</string>
			<key>sourceTree</key>
			<string>&lt;group&gt;</string>
		</dict>
		<key>035BD1BC19104679009C4FF4</key>
		<dict>
			<key>isa</key>
			<string>PBXFileReference</string>
			<key>lastKnownFileType</key>
			<string>image.png</string>
			<key>path</key>
			<string>Default-568h@2x.png</string>
			<key>sourceTree</key>
			<string>&lt;group&gt;</string>
		</dict>
		<key>035BD1BD19104679009C4FF4</key>
		<dict>
			<key>isa</key>
			<string>PBXFileReference</string>
			<key>lastKnownFileType</key>
			<string>image.png</string>
			<key>path</key>
			<string>Default@2x.png</string>
			<key>sourceTree</key>
			<string>&lt;group&gt;</string>
		</dict>
		<key>035BD1BE19104679009C4FF4</key>
		<dict>
			<key>isa</key>
			<string>PBXFileReference</string>
			<key>lastKnownFileType</key>
			<string>image.png</string>
			<key>path</key>
			<string>Default.png</string>
			<key>sourceTree</key>
			<string>&lt;group&gt;</string>
		</dict>
		<key>035BD1BF19104679009C4FF4</key>
		<dict>
			<key>fileRef</key>
			<string>035BD1B919104679009C4FF4</string>
			<key>isa</key>
			<string>PBXBuildFile</string>
		</dict>
		<key>035BD1C019104679009C4FF4</key>
		<dict>
			<key>fileRef</key>
			<string>035BD1BA19104679009C4FF4</string>
			<key>isa</key>
			<string>PBXBuildFile</string>
		</dict>
		<key>035BD1C119104679009C4FF4</key>
		<dict>
			<key>fileRef</key>
			<string>035BD1BB19104679009C4FF4</string>
			<key>isa</key>
			<string>PBXBuildFile</string>
		</dict>
		<key>035BD1C219104679009C4FF4</key>
		<dict>
			<key>fileRef</key>
			<string>035BD1BC19104679009C4FF4</string>
			<key>isa</key>
			<string>PBXBuildFile</string>
		</dict>
		<key>035BD1C319104679009C4FF4</key>
		<dict>
			<key>fileRef</key>
			<string>035BD1BD19104679009C4FF4</string>
			<key>isa</key>
			<string>PBXBuildFile</string>
		</dict>
		<key>035BD1C419104679009C4FF4</key>
		<dict>
			<key>fileRef</key>
			<string>035BD1BE19104679009C4FF4</string>
			<key>isa</key>
			<string>PBXBuildFile</string>
		</dict>
		<key>035BD1C51910530E009C4FF4</key>
		<dict>
			<key>fileEncoding</key>
			<string>4</string>
			<key>isa</key>
			<string>PBXFileReference</string>
			<key>lastKnownFileType</key>
			<string>sourcecode.c.h</string>
			<key>path</key>
			<string>SL_FashionCell.h</string>
			<key>sourceTree</key>
			<string>&lt;group&gt;</string>
		</dict>
		<key>035BD1C61910530E009C4FF4</key>
		<dict>
			<key>fileEncoding</key>
			<string>4</string>
			<key>isa</key>
			<string>PBXFileReference</string>
			<key>lastKnownFileType</key>
			<string>sourcecode.c.objc</string>
			<key>path</key>
			<string>SL_FashionCell.m</string>
			<key>sourceTree</key>
			<string>&lt;group&gt;</string>
		</dict>
		<key>035BD1C71910530E009C4FF4</key>
		<dict>
			<key>fileRef</key>
			<string>035BD1C61910530E009C4FF4</string>
			<key>isa</key>
			<string>PBXBuildFile</string>
		</dict>
		<key>035BD1C819105D37009C4FF4</key>
		<dict>
			<key>isa</key>
			<string>PBXFileReference</string>
			<key>lastKnownFileType</key>
			<string>wrapper.framework</string>
			<key>name</key>
			<string>QuartzCore.framework</string>
			<key>path</key>
			<string>System/Library/Frameworks/QuartzCore.framework</string>
			<key>sourceTree</key>
			<string>SDKROOT</string>
		</dict>
		<key>035BD1C919105D37009C4FF4</key>
		<dict>
			<key>fileRef</key>
			<string>035BD1C819105D37009C4FF4</string>
			<key>isa</key>
			<string>PBXBuildFile</string>
		</dict>
		<key>035BD1CA19105D3C009C4FF4</key>
		<dict>
			<key>isa</key>
			<string>PBXFileReference</string>
			<key>lastKnownFileType</key>
			<string>wrapper.framework</string>
			<key>name</key>
			<string>AssetsLibrary.framework</string>
			<key>path</key>
			<string>System/Library/Frameworks/AssetsLibrary.framework</string>
			<key>sourceTree</key>
			<string>SDKROOT</string>
		</dict>
		<key>035BD1CB19105D3C009C4FF4</key>
		<dict>
			<key>fileRef</key>
			<string>035BD1CA19105D3C009C4FF4</string>
			<key>isa</key>
			<string>PBXBuildFile</string>
		</dict>
		<key>0FF3526664F34E6FA7150635</key>
		<dict>
			<key>explicitFileType</key>
			<string>archive.ar</string>
			<key>includeInIndex</key>
			<string>0</string>
			<key>isa</key>
			<string>PBXFileReference</string>
			<key>path</key>
			<string>libPods.a</string>
			<key>sourceTree</key>
			<string>BUILT_PRODUCTS_DIR</string>
		</dict>
		<key>1A1B02C818AAEF83000DE3F8</key>
		<dict>
			<key>children</key>
			<array>
				<string>1AFA136B18A11E2400F2D2BF</string>
				<string>1AFA136C18A11E2400F2D2BF</string>
				<string>1AFA136E18A11F5D00F2D2BF</string>
				<string>1AFA136F18A11F5D00F2D2BF</string>
			</array>
			<key>isa</key>
			<string>PBXGroup</string>
			<key>name</key>
			<string>Custom Layout</string>
			<key>sourceTree</key>
			<string>&lt;group&gt;</string>
		</dict>
		<key>1A1B02C918AAF00D000DE3F8</key>
		<dict>
			<key>fileEncoding</key>
			<string>4</string>
			<key>isa</key>
			<string>PBXFileReference</string>
			<key>lastKnownFileType</key>
			<string>sourcecode.c.h</string>
			<key>path</key>
			<string>HAPaperCollectionViewController.h</string>
			<key>sourceTree</key>
			<string>&lt;group&gt;</string>
		</dict>
		<key>1A1B02CA18AAF00D000DE3F8</key>
		<dict>
			<key>fileEncoding</key>
			<string>4</string>
			<key>isa</key>
			<string>PBXFileReference</string>
			<key>lastKnownFileType</key>
			<string>sourcecode.c.objc</string>
			<key>path</key>
			<string>HAPaperCollectionViewController.m</string>
			<key>sourceTree</key>
			<string>&lt;group&gt;</string>
		</dict>
		<key>1A1B02CB18AAF00D000DE3F8</key>
		<dict>
			<key>fileRef</key>
			<string>1A1B02CA18AAF00D000DE3F8</string>
			<key>isa</key>
			<string>PBXBuildFile</string>
		</dict>
		<key>1A1B02D218AAF0B9000DE3F8</key>
		<dict>
			<key>fileEncoding</key>
			<string>4</string>
			<key>isa</key>
			<string>PBXFileReference</string>
			<key>lastKnownFileType</key>
			<string>sourcecode.c.h</string>
			<key>path</key>
			<string>HATransitionController.h</string>
			<key>sourceTree</key>
			<string>&lt;group&gt;</string>
		</dict>
		<key>1A1B02D318AAF0B9000DE3F8</key>
		<dict>
			<key>fileEncoding</key>
			<string>4</string>
			<key>isa</key>
			<string>PBXFileReference</string>
			<key>lastKnownFileType</key>
			<string>sourcecode.c.objc</string>
			<key>path</key>
			<string>HATransitionController.m</string>
			<key>sourceTree</key>
			<string>&lt;group&gt;</string>
		</dict>
		<key>1A1B02D418AAF0B9000DE3F8</key>
		<dict>
			<key>fileEncoding</key>
			<string>4</string>
			<key>isa</key>
			<string>PBXFileReference</string>
			<key>lastKnownFileType</key>
			<string>sourcecode.c.h</string>
			<key>path</key>
			<string>HATransitionLayout.h</string>
			<key>sourceTree</key>
			<string>&lt;group&gt;</string>
		</dict>
		<key>1A1B02D518AAF0B9000DE3F8</key>
		<dict>
			<key>fileEncoding</key>
			<string>4</string>
			<key>isa</key>
			<string>PBXFileReference</string>
			<key>lastKnownFileType</key>
			<string>sourcecode.c.objc</string>
			<key>path</key>
			<string>HATransitionLayout.m</string>
			<key>sourceTree</key>
			<string>&lt;group&gt;</string>
		</dict>
		<key>1A1B02D918AAF0B9000DE3F8</key>
		<dict>
			<key>fileRef</key>
			<string>1A1B02D318AAF0B9000DE3F8</string>
			<key>isa</key>
			<string>PBXBuildFile</string>
		</dict>
		<key>1A1B02DA18AAF0B9000DE3F8</key>
		<dict>
			<key>fileRef</key>
			<string>1A1B02D518AAF0B9000DE3F8</string>
			<key>isa</key>
			<string>PBXBuildFile</string>
		</dict>
		<key>1A1B02DB18AAF0C0000DE3F8</key>
		<dict>
			<key>children</key>
			<array>
				<string>1A1B02D218AAF0B9000DE3F8</string>
				<string>1A1B02D318AAF0B9000DE3F8</string>
				<string>1A1B02D418AAF0B9000DE3F8</string>
				<string>1A1B02D518AAF0B9000DE3F8</string>
			</array>
			<key>isa</key>
			<string>PBXGroup</string>
			<key>name</key>
			<string>Transition</string>
			<key>sourceTree</key>
			<string>&lt;group&gt;</string>
		</dict>
		<key>1A1B02DC18AAF630000DE3F8</key>
		<dict>
			<key>children</key>
			<array>
				<string>1A1B02C918AAF00D000DE3F8</string>
				<string>1A1B02CA18AAF00D000DE3F8</string>
			</array>
			<key>isa</key>
			<string>PBXGroup</string>
			<key>name</key>
			<string>Base Collection</string>
			<key>sourceTree</key>
			<string>&lt;group&gt;</string>
		</dict>
		<key>1A1B02DD18AAF68A000DE3F8</key>
		<dict>
			<key>fileEncoding</key>
			<string>4</string>
			<key>isa</key>
			<string>PBXFileReference</string>
			<key>lastKnownFileType</key>
			<string>sourcecode.c.h</string>
			<key>path</key>
			<string>HASmallCollectionViewController.h</string>
			<key>sourceTree</key>
			<string>&lt;group&gt;</string>
		</dict>
		<key>1A1B02DE18AAF68A000DE3F8</key>
		<dict>
			<key>fileEncoding</key>
			<string>4</string>
			<key>isa</key>
			<string>PBXFileReference</string>
			<key>lastKnownFileType</key>
			<string>sourcecode.c.objc</string>
			<key>path</key>
			<string>HASmallCollectionViewController.m</string>
			<key>sourceTree</key>
			<string>&lt;group&gt;</string>
		</dict>
		<key>1A1B02DF18AAF68A000DE3F8</key>
		<dict>
			<key>fileRef</key>
			<string>1A1B02DE18AAF68A000DE3F8</string>
			<key>isa</key>
			<string>PBXBuildFile</string>
		</dict>
		<key>1AA0CC0C18A07EBC008F50F6</key>
		<dict>
			<key>children</key>
			<array>
				<string>1AA0CC1E18A07EBC008F50F6</string>
				<string>1AA0CC3D18A07EBC008F50F6</string>
				<string>1AA0CC1718A07EBC008F50F6</string>
				<string>1AA0CC1618A07EBC008F50F6</string>
				<string>656729138B8640FBA631F0E0</string>
			</array>
			<key>isa</key>
			<string>PBXGroup</string>
			<key>sourceTree</key>
			<string>&lt;group&gt;</string>
		</dict>
		<key>1AA0CC0D18A07EBC008F50F6</key>
		<dict>
			<key>attributes</key>
			<dict>
				<key>CLASSPREFIX</key>
				<string>HA</string>
				<key>LastUpgradeCheck</key>
				<string>0500</string>
				<key>ORGANIZATIONNAME</key>
				<string>Heberti Almeida</string>
				<key>TargetAttributes</key>
				<dict>
					<key>1AA0CC3518A07EBC008F50F6</key>
					<dict>
						<key>TestTargetID</key>
						<string>1AA0CC1418A07EBC008F50F6</string>
					</dict>
				</dict>
			</dict>
			<key>buildConfigurationList</key>
			<string>1AA0CC1018A07EBC008F50F6</string>
			<key>compatibilityVersion</key>
			<string>Xcode 3.2</string>
			<key>developmentRegion</key>
			<string>English</string>
			<key>hasScannedForEncodings</key>
			<string>0</string>
			<key>isa</key>
			<string>PBXProject</string>
			<key>knownRegions</key>
			<array>
				<string>en</string>
				<string>Base</string>
			</array>
			<key>mainGroup</key>
			<string>1AA0CC0C18A07EBC008F50F6</string>
			<key>productRefGroup</key>
			<string>1AA0CC1618A07EBC008F50F6</string>
			<key>projectDirPath</key>
			<string></string>
			<key>projectReferences</key>
			<array/>
			<key>projectRoot</key>
			<string></string>
			<key>targets</key>
			<array>
				<string>1AA0CC1418A07EBC008F50F6</string>
				<string>1AA0CC3518A07EBC008F50F6</string>
			</array>
		</dict>
		<key>1AA0CC1018A07EBC008F50F6</key>
		<dict>
			<key>buildConfigurations</key>
			<array>
				<string>1AA0CC4518A07EBC008F50F6</string>
				<string>1AA0CC4618A07EBC008F50F6</string>
			</array>
			<key>defaultConfigurationIsVisible</key>
			<string>0</string>
			<key>defaultConfigurationName</key>
			<string>Release</string>
			<key>isa</key>
			<string>XCConfigurationList</string>
		</dict>
		<key>1AA0CC1118A07EBC008F50F6</key>
		<dict>
			<key>buildActionMask</key>
			<string>2147483647</string>
			<key>files</key>
			<array>
				<string>035BD1B71910464D009C4FF4</string>
				<string>1A1B02D918AAF0B9000DE3F8</string>
				<string>035BD1AD191045DB009C4FF4</string>
				<string>1AFA137018A11F5D00F2D2BF</string>
				<string>1A1B02CB18AAF00D000DE3F8</string>
				<string>035BD1AA191045AB009C4FF4</string>
				<string>1AA0CC2518A07EBC008F50F6</string>
				<string>035BD1B51910464D009C4FF4</string>
				<string>1A1B02DA18AAF0B9000DE3F8</string>
				<string>035BD1B61910464D009C4FF4</string>
				<string>1AA0CC2918A07EBC008F50F6</string>
				<string>1AFA136D18A11E2400F2D2BF</string>
				<string>1A1B02DF18AAF68A000DE3F8</string>
				<string>035BD1C71910530E009C4FF4</string>
			</array>
			<key>isa</key>
			<string>PBXSourcesBuildPhase</string>
			<key>runOnlyForDeploymentPostprocessing</key>
			<string>0</string>
		</dict>
		<key>1AA0CC1218A07EBC008F50F6</key>
		<dict>
			<key>buildActionMask</key>
			<string>2147483647</string>
			<key>files</key>
			<array>
				<string>035BD1CB19105D3C009C4FF4</string>
				<string>035BD1C919105D37009C4FF4</string>
				<string>1AA0CC1B18A07EBC008F50F6</string>
				<string>1AA0CC1D18A07EBC008F50F6</string>
				<string>1AA0CC1918A07EBC008F50F6</string>
				<string>9498CA31AB8247D28457F7BB</string>
			</array>
			<key>isa</key>
			<string>PBXFrameworksBuildPhase</string>
			<key>runOnlyForDeploymentPostprocessing</key>
			<string>0</string>
		</dict>
		<key>1AA0CC1318A07EBC008F50F6</key>
		<dict>
			<key>buildActionMask</key>
			<string>2147483647</string>
			<key>files</key>
			<array>
				<string>035BD1C319104679009C4FF4</string>
				<string>035BD1C419104679009C4FF4</string>
				<string>035BD1C019104679009C4FF4</string>
				<string>035BD1BF19104679009C4FF4</string>
				<string>035BD1C119104679009C4FF4</string>
				<string>1AA0CC3118A07EBC008F50F6</string>
				<string>1AA0CC2318A07EBC008F50F6</string>
				<string>035BD1C219104679009C4FF4</string>
				<string>1AA0CC2C18A07EBC008F50F6</string>
			</array>
			<key>isa</key>
			<string>PBXResourcesBuildPhase</string>
			<key>runOnlyForDeploymentPostprocessing</key>
			<string>0</string>
		</dict>
		<key>1AA0CC1418A07EBC008F50F6</key>
		<dict>
			<key>buildConfigurationList</key>
			<string>1AA0CC4718A07EBC008F50F6</string>
			<key>buildPhases</key>
			<array>
				<string>D7EBCD2522DF4CC49C37E147</string>
				<string>1AA0CC1118A07EBC008F50F6</string>
				<string>1AA0CC1218A07EBC008F50F6</string>
				<string>1AA0CC1318A07EBC008F50F6</string>
				<string>E89AB962F890437A84A8815F</string>
			</array>
			<key>buildRules</key>
			<array/>
			<key>dependencies</key>
			<array/>
			<key>isa</key>
			<string>PBXNativeTarget</string>
			<key>name</key>
			<string>Showcase</string>
			<key>productName</key>
			<string>Paper</string>
			<key>productReference</key>
			<string>1AA0CC1518A07EBC008F50F6</string>
			<key>productType</key>
			<string>com.apple.product-type.application</string>
		</dict>
		<key>1AA0CC1518A07EBC008F50F6</key>
		<dict>
			<key>explicitFileType</key>
			<string>wrapper.application</string>
			<key>includeInIndex</key>
			<string>0</string>
			<key>isa</key>
			<string>PBXFileReference</string>
			<key>path</key>
			<string>Showcase.app</string>
			<key>sourceTree</key>
			<string>BUILT_PRODUCTS_DIR</string>
		</dict>
		<key>1AA0CC1618A07EBC008F50F6</key>
		<dict>
			<key>children</key>
			<array>
				<string>1AA0CC1518A07EBC008F50F6</string>
				<string>1AA0CC3618A07EBC008F50F6</string>
			</array>
			<key>isa</key>
			<string>PBXGroup</string>
			<key>name</key>
			<string>Products</string>
			<key>sourceTree</key>
			<string>&lt;group&gt;</string>
		</dict>
		<key>1AA0CC1718A07EBC008F50F6</key>
		<dict>
			<key>children</key>
			<array>
				<string>035BD1CA19105D3C009C4FF4</string>
				<string>035BD1C819105D37009C4FF4</string>
				<string>1AA0CC1818A07EBC008F50F6</string>
				<string>1AA0CC1A18A07EBC008F50F6</string>
				<string>1AA0CC1C18A07EBC008F50F6</string>
				<string>1AA0CC3718A07EBC008F50F6</string>
				<string>0FF3526664F34E6FA7150635</string>
			</array>
			<key>isa</key>
			<string>PBXGroup</string>
			<key>name</key>
			<string>Frameworks</string>
			<key>sourceTree</key>
			<string>&lt;group&gt;</string>
		</dict>
		<key>1AA0CC1818A07EBC008F50F6</key>
		<dict>
			<key>isa</key>
			<string>PBXFileReference</string>
			<key>lastKnownFileType</key>
			<string>wrapper.framework</string>
			<key>name</key>
			<string>Foundation.framework</string>
			<key>path</key>
			<string>System/Library/Frameworks/Foundation.framework</string>
			<key>sourceTree</key>
			<string>SDKROOT</string>
		</dict>
		<key>1AA0CC1918A07EBC008F50F6</key>
		<dict>
			<key>fileRef</key>
			<string>1AA0CC1818A07EBC008F50F6</string>
			<key>isa</key>
			<string>PBXBuildFile</string>
		</dict>
		<key>1AA0CC1A18A07EBC008F50F6</key>
		<dict>
			<key>isa</key>
			<string>PBXFileReference</string>
			<key>lastKnownFileType</key>
			<string>wrapper.framework</string>
			<key>name</key>
			<string>CoreGraphics.framework</string>
			<key>path</key>
			<string>System/Library/Frameworks/CoreGraphics.framework</string>
			<key>sourceTree</key>
			<string>SDKROOT</string>
		</dict>
		<key>1AA0CC1B18A07EBC008F50F6</key>
		<dict>
			<key>fileRef</key>
			<string>1AA0CC1A18A07EBC008F50F6</string>
			<key>isa</key>
			<string>PBXBuildFile</string>
		</dict>
		<key>1AA0CC1C18A07EBC008F50F6</key>
		<dict>
			<key>isa</key>
			<string>PBXFileReference</string>
			<key>lastKnownFileType</key>
			<string>wrapper.framework</string>
			<key>name</key>
			<string>UIKit.framework</string>
			<key>path</key>
			<string>System/Library/Frameworks/UIKit.framework</string>
			<key>sourceTree</key>
			<string>SDKROOT</string>
		</dict>
		<key>1AA0CC1D18A07EBC008F50F6</key>
		<dict>
			<key>fileRef</key>
			<string>1AA0CC1C18A07EBC008F50F6</string>
			<key>isa</key>
			<string>PBXBuildFile</string>
		</dict>
		<key>1AA0CC1E18A07EBC008F50F6</key>
		<dict>
			<key>children</key>
			<array>
				<string>035BD1B81910466F009C4FF4</string>
				<string>035BD1AE191045F5009C4FF4</string>
				<string>035BD1A719104590009C4FF4</string>
				<string>1AA0CC2718A07EBC008F50F6</string>
				<string>1AA0CC2818A07EBC008F50F6</string>
				<string>1A1B02DD18AAF68A000DE3F8</string>
				<string>1A1B02DE18AAF68A000DE3F8</string>
				<string>1A1B02DC18AAF630000DE3F8</string>
				<string>1A1B02DB18AAF0C0000DE3F8</string>
				<string>1A1B02C818AAEF83000DE3F8</string>
				<string>1AA0CC2A18A07EBC008F50F6</string>
				<string>1AA0CC3018A07EBC008F50F6</string>
				<string>1AA0CC1F18A07EBC008F50F6</string>
				<string>035BD1C51910530E009C4FF4</string>
				<string>035BD1C61910530E009C4FF4</string>
			</array>
			<key>isa</key>
			<string>PBXGroup</string>
			<key>name</key>
			<string>Showcase</string>
			<key>path</key>
			<string>Paper</string>
			<key>sourceTree</key>
			<string>&lt;group&gt;</string>
		</dict>
		<key>1AA0CC1F18A07EBC008F50F6</key>
		<dict>
			<key>children</key>
			<array>
				<string>1AA0CC2018A07EBC008F50F6</string>
				<string>1AA0CC2118A07EBC008F50F6</string>
				<string>1AA0CC2418A07EBC008F50F6</string>
				<string>1AA0CC2618A07EBC008F50F6</string>
			</array>
			<key>isa</key>
			<string>PBXGroup</string>
			<key>name</key>
			<string>Supporting Files</string>
			<key>sourceTree</key>
			<string>&lt;group&gt;</string>
		</dict>
		<key>1AA0CC2018A07EBC008F50F6</key>
		<dict>
			<key>isa</key>
			<string>PBXFileReference</string>
			<key>lastKnownFileType</key>
			<string>text.plist.xml</string>
			<key>path</key>
			<string>Showcase-Info.plist</string>
			<key>sourceTree</key>
			<string>&lt;group&gt;</string>
		</dict>
		<key>1AA0CC2118A07EBC008F50F6</key>
		<dict>
			<key>children</key>
			<array>
				<string>1AA0CC2218A07EBC008F50F6</string>
			</array>
			<key>isa</key>
			<string>PBXVariantGroup</string>
			<key>name</key>
			<string>InfoPlist.strings</string>
			<key>sourceTree</key>
			<string>&lt;group&gt;</string>
		</dict>
		<key>1AA0CC2218A07EBC008F50F6</key>
		<dict>
			<key>isa</key>
			<string>PBXFileReference</string>
			<key>lastKnownFileType</key>
			<string>text.plist.strings</string>
			<key>name</key>
			<string>en</string>
			<key>path</key>
			<string>en.lproj/InfoPlist.strings</string>
			<key>sourceTree</key>
			<string>&lt;group&gt;</string>
		</dict>
		<key>1AA0CC2318A07EBC008F50F6</key>
		<dict>
			<key>fileRef</key>
			<string>1AA0CC2118A07EBC008F50F6</string>
			<key>isa</key>
			<string>PBXBuildFile</string>
		</dict>
		<key>1AA0CC2418A07EBC008F50F6</key>
		<dict>
			<key>isa</key>
			<string>PBXFileReference</string>
			<key>lastKnownFileType</key>
			<string>sourcecode.c.objc</string>
			<key>path</key>
			<string>main.m</string>
			<key>sourceTree</key>
			<string>&lt;group&gt;</string>
		</dict>
		<key>1AA0CC2518A07EBC008F50F6</key>
		<dict>
			<key>fileRef</key>
			<string>1AA0CC2418A07EBC008F50F6</string>
			<key>isa</key>
			<string>PBXBuildFile</string>
		</dict>
		<key>1AA0CC2618A07EBC008F50F6</key>
		<dict>
			<key>isa</key>
			<string>PBXFileReference</string>
			<key>lastKnownFileType</key>
			<string>sourcecode.c.h</string>
			<key>path</key>
			<string>Showcase-Prefix.pch</string>
			<key>sourceTree</key>
			<string>&lt;group&gt;</string>
		</dict>
		<key>1AA0CC2718A07EBC008F50F6</key>
		<dict>
			<key>isa</key>
			<string>PBXFileReference</string>
			<key>lastKnownFileType</key>
			<string>sourcecode.c.h</string>
			<key>path</key>
			<string>HAAppDelegate.h</string>
			<key>sourceTree</key>
			<string>&lt;group&gt;</string>
		</dict>
		<key>1AA0CC2818A07EBC008F50F6</key>
		<dict>
			<key>isa</key>
			<string>PBXFileReference</string>
			<key>lastKnownFileType</key>
			<string>sourcecode.c.objc</string>
			<key>path</key>
			<string>HAAppDelegate.m</string>
			<key>sourceTree</key>
			<string>&lt;group&gt;</string>
		</dict>
		<key>1AA0CC2918A07EBC008F50F6</key>
		<dict>
			<key>fileRef</key>
			<string>1AA0CC2818A07EBC008F50F6</string>
			<key>isa</key>
			<string>PBXBuildFile</string>
		</dict>
		<key>1AA0CC2A18A07EBC008F50F6</key>
		<dict>
			<key>children</key>
			<array>
				<string>1AA0CC2B18A07EBC008F50F6</string>
			</array>
			<key>isa</key>
			<string>PBXVariantGroup</string>
			<key>name</key>
			<string>Main.storyboard</string>
			<key>sourceTree</key>
			<string>&lt;group&gt;</string>
		</dict>
		<key>1AA0CC2B18A07EBC008F50F6</key>
		<dict>
			<key>isa</key>
			<string>PBXFileReference</string>
			<key>lastKnownFileType</key>
			<string>file.storyboard</string>
			<key>name</key>
			<string>Base</string>
			<key>path</key>
			<string>Base.lproj/Main.storyboard</string>
			<key>sourceTree</key>
			<string>&lt;group&gt;</string>
		</dict>
		<key>1AA0CC2C18A07EBC008F50F6</key>
		<dict>
			<key>fileRef</key>
			<string>1AA0CC2A18A07EBC008F50F6</string>
			<key>isa</key>
			<string>PBXBuildFile</string>
		</dict>
		<key>1AA0CC3018A07EBC008F50F6</key>
		<dict>
			<key>isa</key>
			<string>PBXFileReference</string>
			<key>lastKnownFileType</key>
			<string>folder.assetcatalog</string>
			<key>path</key>
			<string>Images.xcassets</string>
			<key>sourceTree</key>
			<string>&lt;group&gt;</string>
		</dict>
		<key>1AA0CC3118A07EBC008F50F6</key>
		<dict>
			<key>fileRef</key>
			<string>1AA0CC3018A07EBC008F50F6</string>
			<key>isa</key>
			<string>PBXBuildFile</string>
		</dict>
		<key>1AA0CC3218A07EBC008F50F6</key>
		<dict>
			<key>buildActionMask</key>
			<string>2147483647</string>
			<key>files</key>
			<array>
				<string>1AA0CC4418A07EBC008F50F6</string>
			</array>
			<key>isa</key>
			<string>PBXSourcesBuildPhase</string>
			<key>runOnlyForDeploymentPostprocessing</key>
			<string>0</string>
		</dict>
		<key>1AA0CC3318A07EBC008F50F6</key>
		<dict>
			<key>buildActionMask</key>
			<string>2147483647</string>
			<key>files</key>
			<array>
				<string>1AA0CC3818A07EBC008F50F6</string>
				<string>1AA0CC3A18A07EBC008F50F6</string>
				<string>1AA0CC3918A07EBC008F50F6</string>
			</array>
			<key>isa</key>
			<string>PBXFrameworksBuildPhase</string>
			<key>runOnlyForDeploymentPostprocessing</key>
			<string>0</string>
		</dict>
		<key>1AA0CC3418A07EBC008F50F6</key>
		<dict>
			<key>buildActionMask</key>
			<string>2147483647</string>
			<key>files</key>
			<array>
				<string>1AA0CC4218A07EBC008F50F6</string>
			</array>
			<key>isa</key>
			<string>PBXResourcesBuildPhase</string>
			<key>runOnlyForDeploymentPostprocessing</key>
			<string>0</string>
		</dict>
		<key>1AA0CC3518A07EBC008F50F6</key>
		<dict>
			<key>buildConfigurationList</key>
			<string>1AA0CC4A18A07EBC008F50F6</string>
			<key>buildPhases</key>
			<array>
				<string>1AA0CC3218A07EBC008F50F6</string>
				<string>1AA0CC3318A07EBC008F50F6</string>
				<string>1AA0CC3418A07EBC008F50F6</string>
			</array>
			<key>buildRules</key>
			<array/>
			<key>dependencies</key>
			<array>
				<string>1AA0CC3C18A07EBC008F50F6</string>
			</array>
			<key>isa</key>
			<string>PBXNativeTarget</string>
			<key>name</key>
			<string>ShowcaseTests</string>
			<key>productName</key>
			<string>PaperTests</string>
			<key>productReference</key>
			<string>1AA0CC3618A07EBC008F50F6</string>
			<key>productType</key>
			<string>com.apple.product-type.bundle.unit-test</string>
		</dict>
		<key>1AA0CC3618A07EBC008F50F6</key>
		<dict>
			<key>explicitFileType</key>
			<string>wrapper.cfbundle</string>
			<key>includeInIndex</key>
			<string>0</string>
			<key>isa</key>
			<string>PBXFileReference</string>
			<key>path</key>
			<string>ShowcaseTests.xctest</string>
			<key>sourceTree</key>
			<string>BUILT_PRODUCTS_DIR</string>
		</dict>
		<key>1AA0CC3718A07EBC008F50F6</key>
		<dict>
			<key>isa</key>
			<string>PBXFileReference</string>
			<key>lastKnownFileType</key>
			<string>wrapper.framework</string>
			<key>name</key>
			<string>XCTest.framework</string>
			<key>path</key>
			<string>Library/Frameworks/XCTest.framework</string>
			<key>sourceTree</key>
			<string>DEVELOPER_DIR</string>
		</dict>
		<key>1AA0CC3818A07EBC008F50F6</key>
		<dict>
			<key>fileRef</key>
			<string>1AA0CC3718A07EBC008F50F6</string>
			<key>isa</key>
			<string>PBXBuildFile</string>
		</dict>
		<key>1AA0CC3918A07EBC008F50F6</key>
		<dict>
			<key>fileRef</key>
			<string>1AA0CC1818A07EBC008F50F6</string>
			<key>isa</key>
			<string>PBXBuildFile</string>
		</dict>
		<key>1AA0CC3A18A07EBC008F50F6</key>
		<dict>
			<key>fileRef</key>
			<string>1AA0CC1C18A07EBC008F50F6</string>
			<key>isa</key>
			<string>PBXBuildFile</string>
		</dict>
		<key>1AA0CC3B18A07EBC008F50F6</key>
		<dict>
			<key>containerPortal</key>
			<string>1AA0CC0D18A07EBC008F50F6</string>
			<key>isa</key>
			<string>PBXContainerItemProxy</string>
			<key>proxyType</key>
			<string>1</string>
			<key>remoteGlobalIDString</key>
			<string>1AA0CC1418A07EBC008F50F6</string>
			<key>remoteInfo</key>
			<string>Paper</string>
		</dict>
		<key>1AA0CC3C18A07EBC008F50F6</key>
		<dict>
			<key>isa</key>
			<string>PBXTargetDependency</string>
			<key>target</key>
			<string>1AA0CC1418A07EBC008F50F6</string>
			<key>targetProxy</key>
			<string>1AA0CC3B18A07EBC008F50F6</string>
		</dict>
		<key>1AA0CC3D18A07EBC008F50F6</key>
		<dict>
			<key>children</key>
			<array>
				<string>1AA0CC4318A07EBC008F50F6</string>
				<string>1AA0CC3E18A07EBC008F50F6</string>
			</array>
			<key>isa</key>
			<string>PBXGroup</string>
			<key>name</key>
			<string>ShowcaseTests</string>
			<key>path</key>
			<string>PaperTests</string>
			<key>sourceTree</key>
			<string>&lt;group&gt;</string>
		</dict>
		<key>1AA0CC3E18A07EBC008F50F6</key>
		<dict>
			<key>children</key>
			<array>
				<string>1AA0CC3F18A07EBC008F50F6</string>
				<string>1AA0CC4018A07EBC008F50F6</string>
			</array>
			<key>isa</key>
			<string>PBXGroup</string>
			<key>name</key>
			<string>Supporting Files</string>
			<key>sourceTree</key>
			<string>&lt;group&gt;</string>
		</dict>
		<key>1AA0CC3F18A07EBC008F50F6</key>
		<dict>
			<key>isa</key>
			<string>PBXFileReference</string>
			<key>lastKnownFileType</key>
			<string>text.plist.xml</string>
			<key>path</key>
			<string>ShowcaseTests-Info.plist</string>
			<key>sourceTree</key>
			<string>&lt;group&gt;</string>
		</dict>
		<key>1AA0CC4018A07EBC008F50F6</key>
		<dict>
			<key>children</key>
			<array>
				<string>1AA0CC4118A07EBC008F50F6</string>
			</array>
			<key>isa</key>
			<string>PBXVariantGroup</string>
			<key>name</key>
			<string>InfoPlist.strings</string>
			<key>sourceTree</key>
			<string>&lt;group&gt;</string>
		</dict>
		<key>1AA0CC4118A07EBC008F50F6</key>
		<dict>
			<key>isa</key>
			<string>PBXFileReference</string>
			<key>lastKnownFileType</key>
			<string>text.plist.strings</string>
			<key>name</key>
			<string>en</string>
			<key>path</key>
			<string>en.lproj/InfoPlist.strings</string>
			<key>sourceTree</key>
			<string>&lt;group&gt;</string>
		</dict>
		<key>1AA0CC4218A07EBC008F50F6</key>
		<dict>
			<key>fileRef</key>
			<string>1AA0CC4018A07EBC008F50F6</string>
			<key>isa</key>
			<string>PBXBuildFile</string>
		</dict>
		<key>1AA0CC4318A07EBC008F50F6</key>
		<dict>
			<key>isa</key>
			<string>PBXFileReference</string>
			<key>lastKnownFileType</key>
			<string>sourcecode.c.objc</string>
			<key>path</key>
			<string>ShowcaseTests.m</string>
			<key>sourceTree</key>
			<string>&lt;group&gt;</string>
		</dict>
		<key>1AA0CC4418A07EBC008F50F6</key>
		<dict>
			<key>fileRef</key>
			<string>1AA0CC4318A07EBC008F50F6</string>
			<key>isa</key>
			<string>PBXBuildFile</string>
		</dict>
		<key>1AA0CC4518A07EBC008F50F6</key>
		<dict>
			<key>buildSettings</key>
			<dict>
				<key>ALWAYS_SEARCH_USER_PATHS</key>
				<string>NO</string>
				<key>ARCHS</key>
				<string>$(ARCHS_STANDARD_INCLUDING_64_BIT)</string>
				<key>CLANG_CXX_LANGUAGE_STANDARD</key>
				<string>gnu++0x</string>
				<key>CLANG_CXX_LIBRARY</key>
				<string>libc++</string>
				<key>CLANG_ENABLE_MODULES</key>
				<string>YES</string>
				<key>CLANG_ENABLE_OBJC_ARC</key>
				<string>YES</string>
				<key>CLANG_WARN_BOOL_CONVERSION</key>
				<string>YES</string>
				<key>CLANG_WARN_CONSTANT_CONVERSION</key>
				<string>YES</string>
				<key>CLANG_WARN_DIRECT_OBJC_ISA_USAGE</key>
				<string>YES_ERROR</string>
				<key>CLANG_WARN_EMPTY_BODY</key>
				<string>YES</string>
				<key>CLANG_WARN_ENUM_CONVERSION</key>
				<string>YES</string>
				<key>CLANG_WARN_INT_CONVERSION</key>
				<string>YES</string>
				<key>CLANG_WARN_OBJC_ROOT_CLASS</key>
				<string>YES_ERROR</string>
				<key>CLANG_WARN__DUPLICATE_METHOD_MATCH</key>
				<string>YES</string>
				<key>CODE_SIGN_IDENTITY[sdk=iphoneos*]</key>
				<string>iPhone Developer</string>
				<key>COPY_PHASE_STRIP</key>
				<string>NO</string>
				<key>GCC_C_LANGUAGE_STANDARD</key>
				<string>gnu99</string>
				<key>GCC_DYNAMIC_NO_PIC</key>
				<string>NO</string>
				<key>GCC_OPTIMIZATION_LEVEL</key>
				<string>0</string>
				<key>GCC_PREPROCESSOR_DEFINITIONS</key>
				<array>
					<string>DEBUG=1</string>
					<string>$(inherited)</string>
				</array>
				<key>GCC_SYMBOLS_PRIVATE_EXTERN</key>
				<string>NO</string>
				<key>GCC_WARN_64_TO_32_BIT_CONVERSION</key>
				<string>YES</string>
				<key>GCC_WARN_ABOUT_RETURN_TYPE</key>
				<string>YES_ERROR</string>
				<key>GCC_WARN_UNDECLARED_SELECTOR</key>
				<string>YES</string>
				<key>GCC_WARN_UNINITIALIZED_AUTOS</key>
				<string>YES</string>
				<key>GCC_WARN_UNUSED_FUNCTION</key>
				<string>YES</string>
				<key>GCC_WARN_UNUSED_VARIABLE</key>
				<string>YES</string>
				<key>IPHONEOS_DEPLOYMENT_TARGET</key>
				<string>7.0</string>
				<key>ONLY_ACTIVE_ARCH</key>
				<string>YES</string>
				<key>SDKROOT</key>
				<string>iphoneos</string>
			</dict>
			<key>isa</key>
			<string>XCBuildConfiguration</string>
			<key>name</key>
			<string>Debug</string>
		</dict>
		<key>1AA0CC4618A07EBC008F50F6</key>
		<dict>
			<key>buildSettings</key>
			<dict>
				<key>ALWAYS_SEARCH_USER_PATHS</key>
				<string>NO</string>
				<key>ARCHS</key>
				<string>$(ARCHS_STANDARD_INCLUDING_64_BIT)</string>
				<key>CLANG_CXX_LANGUAGE_STANDARD</key>
				<string>gnu++0x</string>
				<key>CLANG_CXX_LIBRARY</key>
				<string>libc++</string>
				<key>CLANG_ENABLE_MODULES</key>
				<string>YES</string>
				<key>CLANG_ENABLE_OBJC_ARC</key>
				<string>YES</string>
				<key>CLANG_WARN_BOOL_CONVERSION</key>
				<string>YES</string>
				<key>CLANG_WARN_CONSTANT_CONVERSION</key>
				<string>YES</string>
				<key>CLANG_WARN_DIRECT_OBJC_ISA_USAGE</key>
				<string>YES_ERROR</string>
				<key>CLANG_WARN_EMPTY_BODY</key>
				<string>YES</string>
				<key>CLANG_WARN_ENUM_CONVERSION</key>
				<string>YES</string>
				<key>CLANG_WARN_INT_CONVERSION</key>
				<string>YES</string>
				<key>CLANG_WARN_OBJC_ROOT_CLASS</key>
				<string>YES_ERROR</string>
				<key>CLANG_WARN__DUPLICATE_METHOD_MATCH</key>
				<string>YES</string>
				<key>CODE_SIGN_IDENTITY[sdk=iphoneos*]</key>
				<string>iPhone Developer</string>
				<key>COPY_PHASE_STRIP</key>
				<string>YES</string>
				<key>ENABLE_NS_ASSERTIONS</key>
				<string>NO</string>
				<key>GCC_C_LANGUAGE_STANDARD</key>
				<string>gnu99</string>
				<key>GCC_WARN_64_TO_32_BIT_CONVERSION</key>
				<string>YES</string>
				<key>GCC_WARN_ABOUT_RETURN_TYPE</key>
				<string>YES_ERROR</string>
				<key>GCC_WARN_UNDECLARED_SELECTOR</key>
				<string>YES</string>
				<key>GCC_WARN_UNINITIALIZED_AUTOS</key>
				<string>YES</string>
				<key>GCC_WARN_UNUSED_FUNCTION</key>
				<string>YES</string>
				<key>GCC_WARN_UNUSED_VARIABLE</key>
				<string>YES</string>
				<key>IPHONEOS_DEPLOYMENT_TARGET</key>
				<string>7.0</string>
				<key>SDKROOT</key>
				<string>iphoneos</string>
				<key>VALIDATE_PRODUCT</key>
				<string>YES</string>
			</dict>
			<key>isa</key>
			<string>XCBuildConfiguration</string>
			<key>name</key>
			<string>Release</string>
		</dict>
		<key>1AA0CC4718A07EBC008F50F6</key>
		<dict>
			<key>buildConfigurations</key>
			<array>
				<string>1AA0CC4818A07EBC008F50F6</string>
				<string>1AA0CC4918A07EBC008F50F6</string>
			</array>
			<key>defaultConfigurationIsVisible</key>
			<string>0</string>
			<key>defaultConfigurationName</key>
			<string>Release</string>
			<key>isa</key>
			<string>XCConfigurationList</string>
		</dict>
		<key>1AA0CC4818A07EBC008F50F6</key>
		<dict>
			<key>baseConfigurationReference</key>
			<string>656729138B8640FBA631F0E0</string>
			<key>buildSettings</key>
			<dict>
				<key>ASSETCATALOG_COMPILER_APPICON_NAME</key>
				<string>AppIcon</string>
				<key>ASSETCATALOG_COMPILER_LAUNCHIMAGE_NAME</key>
				<string>LaunchImage</string>
				<key>GCC_PRECOMPILE_PREFIX_HEADER</key>
				<string>YES</string>
				<key>GCC_PREFIX_HEADER</key>
				<string>Paper/Showcase-Prefix.pch</string>
				<key>INFOPLIST_FILE</key>
				<string>Paper/Showcase-Info.plist</string>
				<key>PRODUCT_NAME</key>
				<string>Showcase</string>
				<key>WRAPPER_EXTENSION</key>
				<string>app</string>
			</dict>
			<key>isa</key>
			<string>XCBuildConfiguration</string>
			<key>name</key>
			<string>Debug</string>
		</dict>
		<key>1AA0CC4918A07EBC008F50F6</key>
		<dict>
			<key>baseConfigurationReference</key>
			<string>656729138B8640FBA631F0E0</string>
			<key>buildSettings</key>
			<dict>
				<key>ASSETCATALOG_COMPILER_APPICON_NAME</key>
				<string>AppIcon</string>
				<key>ASSETCATALOG_COMPILER_LAUNCHIMAGE_NAME</key>
				<string>LaunchImage</string>
				<key>GCC_PRECOMPILE_PREFIX_HEADER</key>
				<string>YES</string>
				<key>GCC_PREFIX_HEADER</key>
				<string>Paper/Showcase-Prefix.pch</string>
				<key>INFOPLIST_FILE</key>
				<string>Paper/Showcase-Info.plist</string>
				<key>PRODUCT_NAME</key>
				<string>Showcase</string>
				<key>WRAPPER_EXTENSION</key>
				<string>app</string>
			</dict>
			<key>isa</key>
			<string>XCBuildConfiguration</string>
			<key>name</key>
			<string>Release</string>
		</dict>
		<key>1AA0CC4A18A07EBC008F50F6</key>
		<dict>
			<key>buildConfigurations</key>
			<array>
				<string>1AA0CC4B18A07EBC008F50F6</string>
				<string>1AA0CC4C18A07EBC008F50F6</string>
			</array>
			<key>defaultConfigurationIsVisible</key>
			<string>0</string>
			<key>defaultConfigurationName</key>
			<string>Release</string>
			<key>isa</key>
			<string>XCConfigurationList</string>
		</dict>
		<key>1AA0CC4B18A07EBC008F50F6</key>
		<dict>
			<key>buildSettings</key>
			<dict>
				<key>ARCHS</key>
				<string>$(ARCHS_STANDARD_INCLUDING_64_BIT)</string>
				<key>BUNDLE_LOADER</key>
				<string>$(BUILT_PRODUCTS_DIR)/Paper.app/Paper</string>
				<key>FRAMEWORK_SEARCH_PATHS</key>
				<array>
					<string>$(SDKROOT)/Developer/Library/Frameworks</string>
					<string>$(inherited)</string>
					<string>$(DEVELOPER_FRAMEWORKS_DIR)</string>
				</array>
				<key>GCC_PRECOMPILE_PREFIX_HEADER</key>
				<string>YES</string>
				<key>GCC_PREFIX_HEADER</key>
				<string>Paper/Paper-Prefix.pch</string>
				<key>GCC_PREPROCESSOR_DEFINITIONS</key>
				<array>
					<string>DEBUG=1</string>
					<string>$(inherited)</string>
				</array>
				<key>INFOPLIST_FILE</key>
				<string>PaperTests/ShowcaseTests-Info.plist</string>
				<key>PRODUCT_NAME</key>
				<string>ShowcaseTests</string>
				<key>TEST_HOST</key>
				<string>$(BUNDLE_LOADER)</string>
				<key>WRAPPER_EXTENSION</key>
				<string>xctest</string>
			</dict>
			<key>isa</key>
			<string>XCBuildConfiguration</string>
			<key>name</key>
			<string>Debug</string>
		</dict>
		<key>1AA0CC4C18A07EBC008F50F6</key>
		<dict>
			<key>buildSettings</key>
			<dict>
				<key>ARCHS</key>
				<string>$(ARCHS_STANDARD_INCLUDING_64_BIT)</string>
				<key>BUNDLE_LOADER</key>
				<string>$(BUILT_PRODUCTS_DIR)/Paper.app/Paper</string>
				<key>FRAMEWORK_SEARCH_PATHS</key>
				<array>
					<string>$(SDKROOT)/Developer/Library/Frameworks</string>
					<string>$(inherited)</string>
					<string>$(DEVELOPER_FRAMEWORKS_DIR)</string>
				</array>
				<key>GCC_PRECOMPILE_PREFIX_HEADER</key>
				<string>YES</string>
				<key>GCC_PREFIX_HEADER</key>
				<string>Paper/Paper-Prefix.pch</string>
				<key>INFOPLIST_FILE</key>
				<string>PaperTests/ShowcaseTests-Info.plist</string>
				<key>PRODUCT_NAME</key>
				<string>ShowcaseTests</string>
				<key>TEST_HOST</key>
				<string>$(BUNDLE_LOADER)</string>
				<key>WRAPPER_EXTENSION</key>
				<string>xctest</string>
			</dict>
			<key>isa</key>
			<string>XCBuildConfiguration</string>
			<key>name</key>
			<string>Release</string>
		</dict>
		<key>1AFA136B18A11E2400F2D2BF</key>
		<dict>
			<key>fileEncoding</key>
			<string>4</string>
			<key>isa</key>
			<string>PBXFileReference</string>
			<key>lastKnownFileType</key>
			<string>sourcecode.c.h</string>
			<key>path</key>
			<string>HACollectionViewSmallLayout.h</string>
			<key>sourceTree</key>
			<string>&lt;group&gt;</string>
		</dict>
		<key>1AFA136C18A11E2400F2D2BF</key>
		<dict>
			<key>fileEncoding</key>
			<string>4</string>
			<key>isa</key>
			<string>PBXFileReference</string>
			<key>lastKnownFileType</key>
			<string>sourcecode.c.objc</string>
			<key>path</key>
			<string>HACollectionViewSmallLayout.m</string>
			<key>sourceTree</key>
			<string>&lt;group&gt;</string>
		</dict>
		<key>1AFA136D18A11E2400F2D2BF</key>
		<dict>
			<key>fileRef</key>
			<string>1AFA136C18A11E2400F2D2BF</string>
			<key>isa</key>
			<string>PBXBuildFile</string>
		</dict>
		<key>1AFA136E18A11F5D00F2D2BF</key>
		<dict>
			<key>fileEncoding</key>
			<string>4</string>
			<key>isa</key>
			<string>PBXFileReference</string>
			<key>lastKnownFileType</key>
			<string>sourcecode.c.h</string>
			<key>path</key>
			<string>HACollectionViewLargeLayout.h</string>
			<key>sourceTree</key>
			<string>&lt;group&gt;</string>
		</dict>
		<key>1AFA136F18A11F5D00F2D2BF</key>
		<dict>
			<key>fileEncoding</key>
			<string>4</string>
			<key>isa</key>
			<string>PBXFileReference</string>
			<key>lastKnownFileType</key>
			<string>sourcecode.c.objc</string>
			<key>path</key>
			<string>HACollectionViewLargeLayout.m</string>
			<key>sourceTree</key>
			<string>&lt;group&gt;</string>
		</dict>
		<key>1AFA137018A11F5D00F2D2BF</key>
		<dict>
			<key>fileRef</key>
			<string>1AFA136F18A11F5D00F2D2BF</string>
			<key>isa</key>
			<string>PBXBuildFile</string>
		</dict>
		<key>656729138B8640FBA631F0E0</key>
		<dict>
			<key>includeInIndex</key>
			<string>1</string>
			<key>isa</key>
			<string>PBXFileReference</string>
			<key>lastKnownFileType</key>
			<string>text.xcconfig</string>
			<key>name</key>
			<string>Pods.xcconfig</string>
			<key>path</key>
			<string>Pods/Pods.xcconfig</string>
			<key>sourceTree</key>
			<string>&lt;group&gt;</string>
		</dict>
		<key>9498CA31AB8247D28457F7BB</key>
		<dict>
			<key>fileRef</key>
			<string>0FF3526664F34E6FA7150635</string>
			<key>isa</key>
			<string>PBXBuildFile</string>
		</dict>
		<key>D7EBCD2522DF4CC49C37E147</key>
		<dict>
			<key>buildActionMask</key>
			<string>2147483647</string>
			<key>files</key>
			<array/>
			<key>inputPaths</key>
			<array/>
			<key>isa</key>
			<string>PBXShellScriptBuildPhase</string>
			<key>name</key>
			<string>Check Pods Manifest.lock</string>
			<key>outputPaths</key>
			<array/>
			<key>runOnlyForDeploymentPostprocessing</key>
			<string>0</string>
			<key>shellPath</key>
			<string>/bin/sh</string>
			<key>shellScript</key>
			<string>diff "${PODS_ROOT}/../Podfile.lock" "${PODS_ROOT}/Manifest.lock" &gt; /dev/null
if [[ $? != 0 ]] ; then
    cat &lt;&lt; EOM
error: The sandbox is not in sync with the Podfile.lock. Run 'pod install' or update your CocoaPods installation.
EOM
    exit 1
fi
</string>
			<key>showEnvVarsInLog</key>
			<string>0</string>
		</dict>
		<key>E89AB962F890437A84A8815F</key>
		<dict>
			<key>buildActionMask</key>
			<string>2147483647</string>
			<key>files</key>
			<array/>
			<key>inputPaths</key>
			<array/>
			<key>isa</key>
			<string>PBXShellScriptBuildPhase</string>
			<key>name</key>
			<string>Copy Pods Resources</string>
			<key>outputPaths</key>
			<array/>
			<key>runOnlyForDeploymentPostprocessing</key>
			<string>0</string>
			<key>shellPath</key>
			<string>/bin/sh</string>
			<key>shellScript</key>
			<string>"${SRCROOT}/Pods/Pods-resources.sh"
</string>
			<key>showEnvVarsInLog</key>
			<string>0</string>
		</dict>
	</dict>
	<key>rootObject</key>
	<string>1AA0CC0D18A07EBC008F50F6</string>
</dict>
</plist>
